
Microsoft Visual Studio Solution File, Format Version 12.00
# Visual Studio Version 16
VisualStudioVersion = 16.0.30413.136
MinimumVisualStudioVersion = 10.0.40219.1
Project("{FAE04EC0-301F-11D3-BF4B-00C04F79EFBC}") = "Ejercicio 8 Tema 3", "Ejercicio 8 Tema 3\Ejercicio 8 Tema 3.csproj", "{BE5CFC55-2801-44B8-ADE1-E614C1DDF849}"
EndProject
Global
	GlobalSection(SolutionConfigurationPlatforms) = preSolution
		Debug|Any CPU = Debug|Any CPU
		Release|Any CPU = Release|Any CPU
	EndGlobalSection
	GlobalSection(ProjectConfigurationPlatforms) = postSolution
		{BE5CFC55-2801-44B8-ADE1-E614C1DDF849}.Debug|Any CPU.ActiveCfg = Debug|Any CPU
		{BE5CFC55-2801-44B8-ADE1-E614C1DDF849}.Debug|Any CPU.Build.0 = Debug|Any CPU
		{BE5CFC55-2801-44B8-ADE1-E614C1DDF849}.Release|Any CPU.ActiveCfg = Release|Any CPU
		{BE5CFC55-2801-44B8-ADE1-E614C1DDF849}.Release|Any CPU.Build.0 = Release|Any CPU
	EndGlobalSection
	GlobalSection(SolutionProperties) = preSolution
		HideSolutionNode = FALSE
	EndGlobalSection
	GlobalSection(ExtensibilityGlobals) = postSolution
		SolutionGuid = {5AD96570-FC63-4BF6-BEB0-47C7636F1294}
	EndGlobalSection
EndGlobal
